// !$*UTF8*$!
{
	archiveVersion = 1;
	classes = {
	};
	objectVersion = 50;
	objects = {

/* Begin PBXBuildFile section */
		250EA059227EB19900EDC73B /* main.m in Sources */ = {isa = PBXBuildFile; fileRef = 250EA058227EB19900EDC73B /* main.m */; };
		250EA061227EB38F00EDC73B /* Player.m in Sources */ = {isa = PBXBuildFile; fileRef = 250EA060227EB38F00EDC73B /* Player.m */; };
		250EA064227ED31D00EDC73B /* PlayerManager.m in Sources */ = {isa = PBXBuildFile; fileRef = 250EA063227ED31D00EDC73B /* PlayerManager.m */; };
		250EA067227F9F4400EDC73B /* InputController.m in Sources */ = {isa = PBXBuildFile; fileRef = 250EA066227F9F4400EDC73B /* InputController.m */; };
/* End PBXBuildFile section */

/* Begin PBXCopyFilesBuildPhase section */
		250EA053227EB19900EDC73B /* CopyFiles */ = {
			isa = PBXCopyFilesBuildPhase;
			buildActionMask = 2147483647;
			dstPath = /usr/share/man/man1/;
			dstSubfolderSpec = 0;
			files = (
			);
			runOnlyForDeploymentPostprocessing = 1;
		};
/* End PBXCopyFilesBuildPhase section */

/* Begin PBXFileReference section */
		250EA055227EB19900EDC73B /* Snakes&Ladders */ = {isa = PBXFileReference; explicitFileType = "compiled.mach-o.executable"; includeInIndex = 0; path = "Snakes&Ladders"; sourceTree = BUILT_PRODUCTS_DIR; };
		250EA058227EB19900EDC73B /* main.m */ = {isa = PBXFileReference; lastKnownFileType = sourcecode.c.objc; path = main.m; sourceTree = "<group>"; };
		250EA05F227EB38F00EDC73B /* Player.h */ = {isa = PBXFileReference; lastKnownFileType = sourcecode.c.h; path = Player.h; sourceTree = "<group>"; };
		250EA060227EB38F00EDC73B /* Player.m */ = {isa = PBXFileReference; lastKnownFileType = sourcecode.c.objc; path = Player.m; sourceTree = "<group>"; };
		250EA062227ED31D00EDC73B /* PlayerManager.h */ = {isa = PBXFileReference; lastKnownFileType = sourcecode.c.h; path = PlayerManager.h; sourceTree = "<group>"; };
		250EA063227ED31D00EDC73B /* PlayerManager.m */ = {isa = PBXFileReference; lastKnownFileType = sourcecode.c.objc; path = PlayerManager.m; sourceTree = "<group>"; };
		250EA065227F9F4400EDC73B /* InputController.h */ = {isa = PBXFileReference; lastKnownFileType = sourcecode.c.h; path = InputController.h; sourceTree = "<group>"; };
		250EA066227F9F4400EDC73B /* InputController.m */ = {isa = PBXFileReference; lastKnownFileType = sourcecode.c.objc; path = InputController.m; sourceTree = "<group>"; };
/* End PBXFileReference section */

/* Begin PBXFrameworksBuildPhase section */
		250EA052227EB19900EDC73B /* Frameworks */ = {
			isa = PBXFrameworksBuildPhase;
			buildActionMask = 2147483647;
			files = (
			);
			runOnlyForDeploymentPostprocessing = 0;
		};
/* End PBXFrameworksBuildPhase section */

/* Begin PBXGroup section */
		250EA04C227EB19900EDC73B = {
			isa = PBXGroup;
			children = (
				250EA057227EB19900EDC73B /* Snakes&Ladders */,
				250EA056227EB19900EDC73B /* Products */,
			);
			sourceTree = "<group>";
		};
		250EA056227EB19900EDC73B /* Products */ = {
			isa = PBXGroup;
			children = (
				250EA055227EB19900EDC73B /* Snakes&Ladders */,
			);
			name = Products;
			sourceTree = "<group>";
		};
		250EA057227EB19900EDC73B /* Snakes&Ladders */ = {
			isa = PBXGroup;
			children = (
				250EA058227EB19900EDC73B /* main.m */,
				250EA05F227EB38F00EDC73B /* Player.h */,
				250EA060227EB38F00EDC73B /* Player.m */,
				250EA065227F9F4400EDC73B /* InputController.h */,
				250EA066227F9F4400EDC73B /* InputController.m */,
				250EA062227ED31D00EDC73B /* PlayerManager.h */,
				250EA063227ED31D00EDC73B /* PlayerManager.m */,
			);
			path = "Snakes&Ladders";
			sourceTree = "<group>";
		};
/* End PBXGroup section */

/* Begin PBXNativeTarget section */
		250EA054227EB19900EDC73B /* Snakes&Ladders */ = {
			isa = PBXNativeTarget;
			buildConfigurationList = 250EA05C227EB19900EDC73B /* Build configuration list for PBXNativeTarget "Snakes&Ladders" */;
			buildPhases = (
				250EA051227EB19900EDC73B /* Sources */,
				250EA052227EB19900EDC73B /* Frameworks */,
				250EA053227EB19900EDC73B /* CopyFiles */,
			);
			buildRules = (
			);
			dependencies = (
			);
			name = "Snakes&Ladders";
			productName = "Snakes&Ladders";
			productReference = 250EA055227EB19900EDC73B /* Snakes&Ladders */;
			productType = "com.apple.product-type.tool";
		};
/* End PBXNativeTarget section */

/* Begin PBXProject section */
		250EA04D227EB19900EDC73B /* Project object */ = {
			isa = PBXProject;
			attributes = {
				LastUpgradeCheck = 1010;
				ORGANIZATIONNAME = Luiz;
				TargetAttributes = {
					250EA054227EB19900EDC73B = {
						CreatedOnToolsVersion = 10.1;
					};
				};
			};
			buildConfigurationList = 250EA050227EB19900EDC73B /* Build configuration list for PBXProject "Snakes&Ladders" */;
			compatibilityVersion = "Xcode 9.3";
			developmentRegion = en;
			hasScannedForEncodings = 0;
			knownRegions = (
				en,
			);
			mainGroup = 250EA04C227EB19900EDC73B;
			productRefGroup = 250EA056227EB19900EDC73B /* Products */;
			projectDirPath = "";
			projectRoot = "";
			targets = (
				250EA054227EB19900EDC73B /* Snakes&Ladders */,
			);
		};
/* End PBXProject section */

/* Begin PBXSourcesBuildPhase section */
		250EA051227EB19900EDC73B /* Sources */ = {
			isa = PBXSourcesBuildPhase;
			buildActionMask = 2147483647;
			files = (
				250EA067227F9F4400EDC73B /* InputController.m in Sources */,
				250EA061227EB38F00EDC73B /* Player.m in Sources */,
				250EA059227EB19900EDC73B /* main.m in Sources */,
				250EA064227ED31D00EDC73B /* PlayerManager.m in Sources */,
			);
			runOnlyForDeploymentPostprocessing = 0;
		};
/* End PBXSourcesBuildPhase section */

/* Begin XCBuildConfiguration section */
		250EA05A227EB19900EDC73B /* Debug */ = {
			isa = XCBuildConfiguration;
			buildSettings = {
				ALWAYS_SEARCH_USER_PATHS = NO;
				CLANG_ANALYZER_NONNULL = YES;
				CLANG_ANALYZER_NUMBER_OBJECT_CONVERSION = YES_AGGRESSIVE;
				CLANG_CXX_LANGUAGE_STANDARD = "gnu++14";
				CLANG_CXX_LIBRARY = "libc++";
				CLANG_ENABLE_MODULES = YES;
				CLANG_ENABLE_OBJC_ARC = YES;
				CLANG_ENABLE_OBJC_WEAK = YES;
				CLANG_WARN_BLOCK_CAPTURE_AUTORELEASING = YES;
				CLANG_WARN_BOOL_CONVERSION = YES;
				CLANG_WARN_COMMA = YES;
				CLANG_WARN_CONSTANT_CONVERSION = YES;
				CLANG_WARN_DEPRECATED_OBJC_IMPLEMENTATIONS = YES;
				CLANG_WARN_DIRECT_OBJC_ISA_USAGE = YES_ERROR;
				CLANG_WARN_DOCUMENTATION_COMMENTS = YES;
				CLANG_WARN_EMPTY_BODY = YES;
				CLANG_WARN_ENUM_CONVERSION = YES;
				CLANG_WARN_INFINITE_RECURSION = YES;
				CLANG_WARN_INT_CONVERSION = YES;
				CLANG_WARN_NON_LITERAL_NULL_CONVERSION = YES;
				CLANG_WARN_OBJC_IMPLICIT_RETAIN_SELF = YES;
				CLANG_WARN_OBJC_LITERAL_CONVERSION = YES;
				CLANG_WARN_OBJC_ROOT_CLASS = YES_ERROR;
				CLANG_WARN_RANGE_LOOP_ANALYSIS = YES;
				CLANG_WARN_STRICT_PROTOTYPES = YES;
				CLANG_WARN_SUSPICIOUS_MOVE = YES;
				CLANG_WARN_UNGUARDED_AVAILABILITY = YES_AGGRESSIVE;
				CLANG_WARN_UNREACHABLE_CODE = YES;
				CLANG_WARN__DUPLICATE_METHOD_MATCH = YES;
				CODE_SIGN_IDENTITY = "Mac Developer";
				COPY_PHASE_STRIP = NO;
				DEBUG_INFORMATION_FORMAT = dwarf;
				ENABLE_STRICT_OBJC_MSGSEND = YES;
				ENABLE_TESTABILITY = YES;
				GCC_C_LANGUAGE_STANDARD = gnu11;
				GCC_DYNAMIC_NO_PIC = NO;
				GCC_NO_COMMON_BLOCKS = YES;
				GCC_OPTIMIZATION_LEVEL = 0;
				GCC_PREPROCESSOR_DEFINITIONS = (
					"DEBUG=1",
					"$(inherited)",
				);
				GCC_WARN_64_TO_32_BIT_CONVERSION = YES;
				GCC_WARN_ABOUT_RETURN_TYPE = YES_ERROR;
				GCC_WARN_UNDECLARED_SELECTOR = YES;
				GCC_WARN_UNINITIALIZED_AUTOS = YES_AGGRESSIVE;
				GCC_WARN_UNUSED_FUNCTION = YES;
				GCC_WARN_UNUSED_VARIABLE = YES;
				MACOSX_DEPLOYMENT_TARGET = 10.14;
				MTL_ENABLE_DEBUG_INFO = INCLUDE_SOURCE;
				MTL_FAST_MATH = YES;
				ONLY_ACTIVE_ARCH = YES;
				SDKROOT = macosx;
			};
			name = Debug;
		};
		250EA05B227EB19900EDC73B /* Release */ = {
			isa = XCBuildConfiguration;
			buildSettings = {
				ALWAYS_SEARCH_USER_PATHS = NO;
				CLANG_ANALYZER_NONNULL = YES;
				CLANG_ANALYZER_NUMBER_OBJECT_CONVERSION = YES_AGGRESSIVE;
				CLANG_CXX_LANGUAGE_STANDARD = "gnu++14";
				CLANG_CXX_LIBRARY = "libc++";
				CLANG_ENABLE_MODULES = YES;
				CLANG_ENABLE_OBJC_ARC = YES;
				CLANG_ENABLE_OBJC_WEAK = YES;
				CLANG_WARN_BLOCK_CAPTURE_AUTORELEASING = YES;
				CLANG_WARN_BOOL_CONVERSION = YES;
				CLANG_WARN_COMMA = YES;
				CLANG_WARN_CONSTANT_CONVERSION = YES;
				CLANG_WARN_DEPRECATED_OBJC_IMPLEMENTATIONS = YES;
				CLANG_WARN_DIRECT_OBJC_ISA_USAGE = YES_ERROR;
				CLANG_WARN_DOCUMENTATION_COMMENTS = YES;
				CLANG_WARN_EMPTY_BODY = YES;
				CLANG_WARN_ENUM_CONVERSION = YES;
				CLANG_WARN_INFINITE_RECURSION = YES;
				CLANG_WARN_INT_CONVERSION = YES;
				CLANG_WARN_NON_LITERAL_NULL_CONVERSION = YES;
				CLANG_WARN_OBJC_IMPLICIT_RETAIN_SELF = YES;
				CLANG_WARN_OBJC_LITERAL_CONVERSION = YES;
				CLANG_WARN_OBJC_ROOT_CLASS = YES_ERROR;
				CLANG_WARN_RANGE_LOOP_ANALYSIS = YES;
				CLANG_WARN_STRICT_PROTOTYPES = YES;
				CLANG_WARN_SUSPICIOUS_MOVE = YES;
				CLANG_WARN_UNGUARDED_AVAILABILITY = YES_AGGRESSIVE;
				CLANG_WARN_UNREACHABLE_CODE = YES;
				CLANG_WARN__DUPLICATE_METHOD_MATCH = YES;
				CODE_SIGN_IDENTITY = "Mac Developer";
				COPY_PHASE_STRIP = NO;
				DEBUG_INFORMATION_FORMAT = "dwarf-with-dsym";
				ENABLE_NS_ASSERTIONS = NO;
				ENABLE_STRICT_OBJC_MSGSEND = YES;
				GCC_C_LANGUAGE_STANDARD = gnu11;
				GCC_NO_COMMON_BLOCKS = YES;
				GCC_WARN_64_TO_32_BIT_CONVERSION = YES;
				GCC_WARN_ABOUT_RETURN_TYPE = YES_ERROR;
				GCC_WARN_UNDECLARED_SELECTOR = YES;
				GCC_WARN_UNINITIALIZED_AUTOS = YES_AGGRESSIVE;
				GCC_WARN_UNUSED_FUNCTION = YES;
				GCC_WARN_UNUSED_VARIABLE = YES;
				MACOSX_DEPLOYMENT_TARGET = 10.14;
				MTL_ENABLE_DEBUG_INFO = NO;
				MTL_FAST_MATH = YES;
				SDKROOT = macosx;
			};
			name = Release;
		};
		250EA05D227EB19900EDC73B /* Debug */ = {
			isa = XCBuildConfiguration;
			buildSettings = {
				CODE_SIGN_STYLE = Automatic;
				DEVELOPMENT_TEAM = 489ZVWUGPK;
				PRODUCT_NAME = "$(TARGET_NAME)";
			};
			name = Debug;
		};
		250EA05E227EB19900EDC73B /* Release */ = {
			isa = XCBuildConfiguration;
			buildSettings = {
				CODE_SIGN_STYLE = Automatic;
				DEVELOPMENT_TEAM = 489ZVWUGPK;
				PRODUCT_NAME = "$(TARGET_NAME)";
			};
			name = Release;
		};
/* End XCBuildConfiguration section */

/* Begin XCConfigurationList section */
		250EA050227EB19900EDC73B /* Build configuration list for PBXProject "Snakes&Ladders" */ = {
			isa = XCConfigurationList;
			buildConfigurations = (
				250EA05A227EB19900EDC73B /* Debug */,
				250EA05B227EB19900EDC73B /* Release */,
			);
			defaultConfigurationIsVisible = 0;
			defaultConfigurationName = Release;
		};
		250EA05C227EB19900EDC73B /* Build configuration list for PBXNativeTarget "Snakes&Ladders" */ = {
			isa = XCConfigurationList;
			buildConfigurations = (
				250EA05D227EB19900EDC73B /* Debug */,
				250EA05E227EB19900EDC73B /* Release */,
			);
			defaultConfigurationIsVisible = 0;
			defaultConfigurationName = Release;
		};
/* End XCConfigurationList section */
	};
	rootObject = 250EA04D227EB19900EDC73B /* Project object */;
}
